
Microsoft Visual Studio Solution File, Format Version 12.00
# Visual Studio Version 18
VisualStudioVersion = 18.6.11819.183
MinimumVisualStudioVersion = 10.0.40219.1
Project("{FAE04EC0-301F-11D3-BF4B-00C04F79EFBC}") = "Cyberplay", "Cyberplay\Cyberplay.csproj", "{57AD1AFF-0918-42D7-A044-198BB45FCFDF}"
EndProject
Project("{FAE04EC0-301F-11D3-BF4B-00C04F79EFBC}") = "CyberplayAPI", "..\CyberplayAPI\CyberplayAPI\CyberplayAPI.csproj", "{0DD1763A-8EF2-87CD-C162-500CD2814ACD}"
EndProject
Global
	GlobalSection(SolutionConfigurationPlatforms) = preSolution
		Debug|Any CPU = Debug|Any CPU
		Release|Any CPU = Release|Any CPU
	EndGlobalSection
	GlobalSection(ProjectConfigurationPlatforms) = postSolution
		{57AD1AFF-0918-42D7-A044-198BB45FCFDF}.Debug|Any CPU.ActiveCfg = Debug|Any CPU
		{57AD1AFF-0918-42D7-A044-198BB45FCFDF}.Debug|Any CPU.Build.0 = Debug|Any CPU
		{57AD1AFF-0918-42D7-A044-198BB45FCFDF}.Release|Any CPU.ActiveCfg = Release|Any CPU
		{57AD1AFF-0918-42D7-A044-198BB45FCFDF}.Release|Any CPU.Build.0 = Release|Any CPU
		{0DD1763A-8EF2-87CD-C162-500CD2814ACD}.Debug|Any CPU.ActiveCfg = Debug|Any CPU
		{0DD1763A-8EF2-87CD-C162-500CD2814ACD}.Debug|Any CPU.Build.0 = Debug|Any CPU
		{0DD1763A-8EF2-87CD-C162-500CD2814ACD}.Release|Any CPU.ActiveCfg = Release|Any CPU
		{0DD1763A-8EF2-87CD-C162-500CD2814ACD}.Release|Any CPU.Build.0 = Release|Any CPU
	EndGlobalSection
	GlobalSection(SolutionProperties) = preSolution
		HideSolutionNode = FALSE
	EndGlobalSection
	GlobalSection(ExtensibilityGlobals) = postSolution
		SolutionGuid = {19A48ED3-A590-43F6-81C0-23178B5E900E}
	EndGlobalSection
EndGlobal
